
Microsoft Visual Studio Solution File, Format Version 12.00
# Visual Studio Express 2012 for Windows Desktop
Project("{FAE04EC0-301F-11D3-BF4B-00C04F79EFBC}") = "Tarea4", "Tarea4\Tarea4.csproj", "{99940E83-24D7-4622-85B9-BCDABB3B4559}"
EndProject
Global
	GlobalSection(SolutionConfigurationPlatforms) = preSolution
		Debug|Any CPU = Debug|Any CPU
		Release|Any CPU = Release|Any CPU
	EndGlobalSection
	GlobalSection(ProjectConfigurationPlatforms) = postSolution
		{99940E83-24D7-4622-85B9-BCDABB3B4559}.Debug|Any CPU.ActiveCfg = Debug|Any CPU
		{99940E83-24D7-4622-85B9-BCDABB3B4559}.Debug|Any CPU.Build.0 = Debug|Any CPU
		{99940E83-24D7-4622-85B9-BCDABB3B4559}.Release|Any CPU.ActiveCfg = Release|Any CPU
		{99940E83-24D7-4622-85B9-BCDABB3B4559}.Release|Any CPU.Build.0 = Release|Any CPU
	EndGlobalSection
	GlobalSection(SolutionProperties) = preSolution
		HideSolutionNode = FALSE
	EndGlobalSection
EndGlobal
