
Microsoft Visual Studio Solution File, Format Version 12.00
# Visual Studio Express 2012 for Windows Desktop
Project("{FAE04EC0-301F-11D3-BF4B-00C04F79EFBC}") = "Tarea2", "Tarea2\Tarea2.csproj", "{2655C7C6-1D52-4AF5-9C3A-ABDD17B1C3CA}"
EndProject
Global
	GlobalSection(SolutionConfigurationPlatforms) = preSolution
		Debug|Any CPU = Debug|Any CPU
		Release|Any CPU = Release|Any CPU
	EndGlobalSection
	GlobalSection(ProjectConfigurationPlatforms) = postSolution
		{2655C7C6-1D52-4AF5-9C3A-ABDD17B1C3CA}.Debug|Any CPU.ActiveCfg = Debug|Any CPU
		{2655C7C6-1D52-4AF5-9C3A-ABDD17B1C3CA}.Debug|Any CPU.Build.0 = Debug|Any CPU
		{2655C7C6-1D52-4AF5-9C3A-ABDD17B1C3CA}.Release|Any CPU.ActiveCfg = Release|Any CPU
		{2655C7C6-1D52-4AF5-9C3A-ABDD17B1C3CA}.Release|Any CPU.Build.0 = Release|Any CPU
	EndGlobalSection
	GlobalSection(SolutionProperties) = preSolution
		HideSolutionNode = FALSE
	EndGlobalSection
EndGlobal
