
Microsoft Visual Studio Solution File, Format Version 12.00
# Visual Studio Express 2012 for Windows Desktop
Project("{FAE04EC0-301F-11D3-BF4B-00C04F79EFBC}") = "tarea5", "tarea5\tarea5.csproj", "{B44D62DE-5B7C-44F3-B6B1-259044CFB2C2}"
EndProject
Global
	GlobalSection(SolutionConfigurationPlatforms) = preSolution
		Debug|Any CPU = Debug|Any CPU
		Release|Any CPU = Release|Any CPU
	EndGlobalSection
	GlobalSection(ProjectConfigurationPlatforms) = postSolution
		{B44D62DE-5B7C-44F3-B6B1-259044CFB2C2}.Debug|Any CPU.ActiveCfg = Debug|Any CPU
		{B44D62DE-5B7C-44F3-B6B1-259044CFB2C2}.Debug|Any CPU.Build.0 = Debug|Any CPU
		{B44D62DE-5B7C-44F3-B6B1-259044CFB2C2}.Release|Any CPU.ActiveCfg = Release|Any CPU
		{B44D62DE-5B7C-44F3-B6B1-259044CFB2C2}.Release|Any CPU.Build.0 = Release|Any CPU
	EndGlobalSection
	GlobalSection(SolutionProperties) = preSolution
		HideSolutionNode = FALSE
	EndGlobalSection
EndGlobal
