
Microsoft Visual Studio Solution File, Format Version 12.00
# Visual Studio Express 2012 for Windows Desktop
Project("{FAE04EC0-301F-11D3-BF4B-00C04F79EFBC}") = "Busqueda secuencial nombres", "Busqueda secuencial nombres\Busqueda secuencial nombres.csproj", "{38510C64-A76C-40D9-8831-67B333713F5D}"
EndProject
Global
	GlobalSection(SolutionConfigurationPlatforms) = preSolution
		Debug|Any CPU = Debug|Any CPU
		Release|Any CPU = Release|Any CPU
	EndGlobalSection
	GlobalSection(ProjectConfigurationPlatforms) = postSolution
		{38510C64-A76C-40D9-8831-67B333713F5D}.Debug|Any CPU.ActiveCfg = Debug|Any CPU
		{38510C64-A76C-40D9-8831-67B333713F5D}.Debug|Any CPU.Build.0 = Debug|Any CPU
		{38510C64-A76C-40D9-8831-67B333713F5D}.Release|Any CPU.ActiveCfg = Release|Any CPU
		{38510C64-A76C-40D9-8831-67B333713F5D}.Release|Any CPU.Build.0 = Release|Any CPU
	EndGlobalSection
	GlobalSection(SolutionProperties) = preSolution
		HideSolutionNode = FALSE
	EndGlobalSection
EndGlobal
