
Microsoft Visual Studio Solution File, Format Version 12.00
# Visual Studio Express 2012 for Windows Desktop
Project("{FAE04EC0-301F-11D3-BF4B-00C04F79EFBC}") = "Busqueda binaria string", "Busqueda binaria string\Busqueda binaria string.csproj", "{E3269B06-7221-4B1C-9F21-7625CF68479C}"
EndProject
Global
	GlobalSection(SolutionConfigurationPlatforms) = preSolution
		Debug|Any CPU = Debug|Any CPU
		Release|Any CPU = Release|Any CPU
	EndGlobalSection
	GlobalSection(ProjectConfigurationPlatforms) = postSolution
		{E3269B06-7221-4B1C-9F21-7625CF68479C}.Debug|Any CPU.ActiveCfg = Debug|Any CPU
		{E3269B06-7221-4B1C-9F21-7625CF68479C}.Debug|Any CPU.Build.0 = Debug|Any CPU
		{E3269B06-7221-4B1C-9F21-7625CF68479C}.Release|Any CPU.ActiveCfg = Release|Any CPU
		{E3269B06-7221-4B1C-9F21-7625CF68479C}.Release|Any CPU.Build.0 = Release|Any CPU
	EndGlobalSection
	GlobalSection(SolutionProperties) = preSolution
		HideSolutionNode = FALSE
	EndGlobalSection
EndGlobal
